
Microsoft Visual Studio Solution File, Format Version 12.00
# Visual Studio Version 17
VisualStudioVersion = 17.10.35004.147
MinimumVisualStudioVersion = 10.0.40219.1
Project("{FAE04EC0-301F-11D3-BF4B-00C04F79EFBC}") = "EcotubaAppDesktop", "EcotubaAppDesktop\EcotubaAppDesktop.csproj", "{800CA842-8930-485F-B3E4-0C3909AC0245}"
EndProject
Global
	GlobalSection(SolutionConfigurationPlatforms) = preSolution
		Debug|Any CPU = Debug|Any CPU
		Release|Any CPU = Release|Any CPU
	EndGlobalSection
	GlobalSection(ProjectConfigurationPlatforms) = postSolution
		{800CA842-8930-485F-B3E4-0C3909AC0245}.Debug|Any CPU.ActiveCfg = Debug|Any CPU
		{800CA842-8930-485F-B3E4-0C3909AC0245}.Debug|Any CPU.Build.0 = Debug|Any CPU
		{800CA842-8930-485F-B3E4-0C3909AC0245}.Release|Any CPU.ActiveCfg = Release|Any CPU
		{800CA842-8930-485F-B3E4-0C3909AC0245}.Release|Any CPU.Build.0 = Release|Any CPU
	EndGlobalSection
	GlobalSection(SolutionProperties) = preSolution
		HideSolutionNode = FALSE
	EndGlobalSection
	GlobalSection(ExtensibilityGlobals) = postSolution
		SolutionGuid = {DCE83093-49F0-470A-B4E1-A467BDF882F5}
	EndGlobalSection
EndGlobal
